
Microsoft Visual Studio Solution File, Format Version 12.00
# Visual Studio Version 17
VisualStudioVersion = 17.13.35931.197
MinimumVisualStudioVersion = 10.0.40219.1
Project("{8BC9CEB8-8B4A-11D0-8D11-00A0C91BC942}") = "Renderer3DDS", "Renderer3DDS\Renderer3DDS.vcxproj", "{76E5C4DA-EFCE-4F09-AFB1-D9CE91350E3F}"
	ProjectSection(ProjectDependencies) = postProject
		{72BBC878-6245-4316-98DF-B3148EDB2919} = {72BBC878-6245-4316-98DF-B3148EDB2919}
	EndProjectSection
EndProject
Project("{8BC9CEB8-8B4A-11D0-8D11-00A0C91BC942}") = "TestRenderer", "TestApplication\TestApplication.vcxproj", "{472FE8BB-7502-4897-86E3-DBB62B9CC83B}"
	ProjectSection(ProjectDependencies) = postProject
		{08AE75F4-B65B-4EE8-AD3F-4C3D9B24537A} = {08AE75F4-B65B-4EE8-AD3F-4C3D9B24537A}
		{76E5C4DA-EFCE-4F09-AFB1-D9CE91350E3F} = {76E5C4DA-EFCE-4F09-AFB1-D9CE91350E3F}
	EndProjectSection
EndProject
Project("{2150E333-8FDC-42A3-9474-1A3956D46DE8}") = "Externals", "Externals", "{02EA681E-C7D8-13C7-8484-4AC65E1B71E8}"
EndProject
Project("{2150E333-8FDC-42A3-9474-1A3956D46DE8}") = "Assets", "Assets", "{02BD2943-F563-477A-83DF-00F550B1953F}"
EndProject
Project("{2150E333-8FDC-42A3-9474-1A3956D46DE8}") = "Materials", "Materials", "{2C862A3D-677A-4ABF-BAEC-157BD47E8639}"
EndProject
Project("{2150E333-8FDC-42A3-9474-1A3956D46DE8}") = "Shaders", "Shaders", "{52D78580-26E8-494E-BAEC-6E14CBC2B276}"
EndProject
Project("{2150E333-8FDC-42A3-9474-1A3956D46DE8}") = "Models", "Models", "{9BA41262-6F9D-4E48-8634-7484B84AAF1C}"
EndProject
Project("{8BC9CEB8-8B4A-11D0-8D11-00A0C91BC942}") = "Platform", "Platform\Platform.vcxproj", "{72BBC878-6245-4316-98DF-B3148EDB2919}"
EndProject
Project("{2150E333-8FDC-42A3-9474-1A3956D46DE8}") = "Images", "Images", "{B2BF3402-12A9-4D96-85DA-FA421521AB8A}"
EndProject
Project("{8BC9CEB8-8B4A-11D0-8D11-00A0C91BC942}") = "ImageProcessing", "ImageProcessing\ImageProcessing.vcxproj", "{08AE75F4-B65B-4EE8-AD3F-4C3D9B24537A}"
	ProjectSection(ProjectDependencies) = postProject
		{72BBC878-6245-4316-98DF-B3148EDB2919} = {72BBC878-6245-4316-98DF-B3148EDB2919}
		{76E5C4DA-EFCE-4F09-AFB1-D9CE91350E3F} = {76E5C4DA-EFCE-4F09-AFB1-D9CE91350E3F}
	EndProjectSection
EndProject
Global
	GlobalSection(SolutionConfigurationPlatforms) = preSolution
		Debug|x64 = Debug|x64
		Debug|x86 = Debug|x86
		Release|x64 = Release|x64
		Release|x86 = Release|x86
	EndGlobalSection
	GlobalSection(ProjectConfigurationPlatforms) = postSolution
		{76E5C4DA-EFCE-4F09-AFB1-D9CE91350E3F}.Debug|x64.ActiveCfg = Debug|x64
		{76E5C4DA-EFCE-4F09-AFB1-D9CE91350E3F}.Debug|x64.Build.0 = Debug|x64
		{76E5C4DA-EFCE-4F09-AFB1-D9CE91350E3F}.Debug|x86.ActiveCfg = Debug|Win32
		{76E5C4DA-EFCE-4F09-AFB1-D9CE91350E3F}.Debug|x86.Build.0 = Debug|Win32
		{76E5C4DA-EFCE-4F09-AFB1-D9CE91350E3F}.Release|x64.ActiveCfg = Release|x64
		{76E5C4DA-EFCE-4F09-AFB1-D9CE91350E3F}.Release|x64.Build.0 = Release|x64
		{76E5C4DA-EFCE-4F09-AFB1-D9CE91350E3F}.Release|x86.ActiveCfg = Release|Win32
		{76E5C4DA-EFCE-4F09-AFB1-D9CE91350E3F}.Release|x86.Build.0 = Release|Win32
		{472FE8BB-7502-4897-86E3-DBB62B9CC83B}.Debug|x64.ActiveCfg = Debug|x64
		{472FE8BB-7502-4897-86E3-DBB62B9CC83B}.Debug|x64.Build.0 = Debug|x64
		{472FE8BB-7502-4897-86E3-DBB62B9CC83B}.Debug|x86.ActiveCfg = Debug|Win32
		{472FE8BB-7502-4897-86E3-DBB62B9CC83B}.Debug|x86.Build.0 = Debug|Win32
		{472FE8BB-7502-4897-86E3-DBB62B9CC83B}.Release|x64.ActiveCfg = Release|x64
		{472FE8BB-7502-4897-86E3-DBB62B9CC83B}.Release|x64.Build.0 = Release|x64
		{472FE8BB-7502-4897-86E3-DBB62B9CC83B}.Release|x86.ActiveCfg = Release|Win32
		{472FE8BB-7502-4897-86E3-DBB62B9CC83B}.Release|x86.Build.0 = Release|Win32
		{72BBC878-6245-4316-98DF-B3148EDB2919}.Debug|x64.ActiveCfg = Debug|x64
		{72BBC878-6245-4316-98DF-B3148EDB2919}.Debug|x64.Build.0 = Debug|x64
		{72BBC878-6245-4316-98DF-B3148EDB2919}.Debug|x86.ActiveCfg = Debug|Win32
		{72BBC878-6245-4316-98DF-B3148EDB2919}.Debug|x86.Build.0 = Debug|Win32
		{72BBC878-6245-4316-98DF-B3148EDB2919}.Release|x64.ActiveCfg = Release|x64
		{72BBC878-6245-4316-98DF-B3148EDB2919}.Release|x64.Build.0 = Release|x64
		{72BBC878-6245-4316-98DF-B3148EDB2919}.Release|x86.ActiveCfg = Release|Win32
		{72BBC878-6245-4316-98DF-B3148EDB2919}.Release|x86.Build.0 = Release|Win32
		{08AE75F4-B65B-4EE8-AD3F-4C3D9B24537A}.Debug|x64.ActiveCfg = Debug|x64
		{08AE75F4-B65B-4EE8-AD3F-4C3D9B24537A}.Debug|x64.Build.0 = Debug|x64
		{08AE75F4-B65B-4EE8-AD3F-4C3D9B24537A}.Debug|x86.ActiveCfg = Debug|Win32
		{08AE75F4-B65B-4EE8-AD3F-4C3D9B24537A}.Debug|x86.Build.0 = Debug|Win32
		{08AE75F4-B65B-4EE8-AD3F-4C3D9B24537A}.Release|x64.ActiveCfg = Release|x64
		{08AE75F4-B65B-4EE8-AD3F-4C3D9B24537A}.Release|x64.Build.0 = Release|x64
		{08AE75F4-B65B-4EE8-AD3F-4C3D9B24537A}.Release|x86.ActiveCfg = Release|Win32
		{08AE75F4-B65B-4EE8-AD3F-4C3D9B24537A}.Release|x86.Build.0 = Release|Win32
	EndGlobalSection
	GlobalSection(SolutionProperties) = preSolution
		HideSolutionNode = FALSE
	EndGlobalSection
	GlobalSection(NestedProjects) = preSolution
		{2C862A3D-677A-4ABF-BAEC-157BD47E8639} = {02BD2943-F563-477A-83DF-00F550B1953F}
		{52D78580-26E8-494E-BAEC-6E14CBC2B276} = {2C862A3D-677A-4ABF-BAEC-157BD47E8639}
		{9BA41262-6F9D-4E48-8634-7484B84AAF1C} = {02BD2943-F563-477A-83DF-00F550B1953F}
		{B2BF3402-12A9-4D96-85DA-FA421521AB8A} = {02BD2943-F563-477A-83DF-00F550B1953F}
	EndGlobalSection
	GlobalSection(ExtensibilityGlobals) = postSolution
		SolutionGuid = {5717BA3D-CA15-4F74-B3C3-35D83CA345A0}
	EndGlobalSection
EndGlobal
