
Microsoft Visual Studio Solution File, Format Version 12.00
# Visual Studio Version 17
VisualStudioVersion = 17.13.35931.197
MinimumVisualStudioVersion = 10.0.40219.1
Project("{8BC9CEB8-8B4A-11D0-8D11-00A0C91BC942}") = "Renderer3DDS", "Renderer3DDS\Renderer3DDS.vcxproj", "{76E5C4DA-EFCE-4F09-AFB1-D9CE91350E3F}"
	ProjectSection(ProjectDependencies) = postProject
		{72BBC878-6245-4316-98DF-B3148EDB2919} = {72BBC878-6245-4316-98DF-B3148EDB2919}
	EndProjectSection
EndProject
Project("{8BC9CEB8-8B4A-11D0-8D11-00A0C91BC942}") = "TestRenderer", "TestApplication\TestApplication.vcxproj", "{472FE8BB-7502-4897-86E3-DBB62B9CC83B}"
	ProjectSection(ProjectDependencies) = postProject
		{08AE75F4-B65B-4EE8-AD3F-4C3D9B24537A} = {08AE75F4-B65B-4EE8-AD3F-4C3D9B24537A}
		{76E5C4DA-EFCE-4F09-AFB1-D9CE91350E3F} = {76E5C4DA-EFCE-4F09-AFB1-D9CE91350E3F}
	EndProjectSection
EndProject
Project("{8BC9CEB8-8B4A-11D0-8D11-00A0C91BC942}") = "Platform", "Platform\Platform.vcxproj", "{72BBC878-6245-4316-98DF-B3148EDB2919}"
EndProject
Project("{8BC9CEB8-8B4A-11D0-8D11-00A0C91BC942}") = "ImageProcessing", "ImageProcessing\ImageProcessing.vcxproj", "{08AE75F4-B65B-4EE8-AD3F-4C3D9B24537A}"
	ProjectSection(ProjectDependencies) = postProject
		{72BBC878-6245-4316-98DF-B3148EDB2919} = {72BBC878-6245-4316-98DF-B3148EDB2919}
	EndProjectSection
EndProject
Project("{8BC9CEB8-8B4A-11D0-8D11-00A0C91BC942}") = "ECS", "ECS\ECS.vcxproj", "{BE79C95E-F1AD-4E04-BF20-488837258EA8}"
	ProjectSection(ProjectDependencies) = postProject
		{72BBC878-6245-4316-98DF-B3148EDB2919} = {72BBC878-6245-4316-98DF-B3148EDB2919}
	EndProjectSection
EndProject
Project("{8BC9CEB8-8B4A-11D0-8D11-00A0C91BC942}") = "Components", "Components\Components.vcxproj", "{AF57A3B5-D343-48D3-8038-756AD5E79E90}"
EndProject
Project("{8BC9CEB8-8B4A-11D0-8D11-00A0C91BC942}") = "Systems", "Systems\Systems.vcxproj", "{04634DF5-FB7E-483C-87A6-EFB63DC97BA6}"
EndProject
Global
	GlobalSection(SolutionConfigurationPlatforms) = preSolution
		Debug|x64 = Debug|x64
		Debug|x86 = Debug|x86
		Release|x64 = Release|x64
		Release|x86 = Release|x86
	EndGlobalSection
	GlobalSection(ProjectConfigurationPlatforms) = postSolution
		{76E5C4DA-EFCE-4F09-AFB1-D9CE91350E3F}.Debug|x64.ActiveCfg = Debug|x64
		{76E5C4DA-EFCE-4F09-AFB1-D9CE91350E3F}.Debug|x64.Build.0 = Debug|x64
		{76E5C4DA-EFCE-4F09-AFB1-D9CE91350E3F}.Debug|x86.ActiveCfg = Debug|Win32
		{76E5C4DA-EFCE-4F09-AFB1-D9CE91350E3F}.Debug|x86.Build.0 = Debug|Win32
		{76E5C4DA-EFCE-4F09-AFB1-D9CE91350E3F}.Release|x64.ActiveCfg = Release|x64
		{76E5C4DA-EFCE-4F09-AFB1-D9CE91350E3F}.Release|x64.Build.0 = Release|x64
		{76E5C4DA-EFCE-4F09-AFB1-D9CE91350E3F}.Release|x86.ActiveCfg = Release|Win32
		{76E5C4DA-EFCE-4F09-AFB1-D9CE91350E3F}.Release|x86.Build.0 = Release|Win32
		{472FE8BB-7502-4897-86E3-DBB62B9CC83B}.Debug|x64.ActiveCfg = Debug|x64
		{472FE8BB-7502-4897-86E3-DBB62B9CC83B}.Debug|x64.Build.0 = Debug|x64
		{472FE8BB-7502-4897-86E3-DBB62B9CC83B}.Debug|x86.ActiveCfg = Debug|Win32
		{472FE8BB-7502-4897-86E3-DBB62B9CC83B}.Debug|x86.Build.0 = Debug|Win32
		{472FE8BB-7502-4897-86E3-DBB62B9CC83B}.Release|x64.ActiveCfg = Release|x64
		{472FE8BB-7502-4897-86E3-DBB62B9CC83B}.Release|x64.Build.0 = Release|x64
		{472FE8BB-7502-4897-86E3-DBB62B9CC83B}.Release|x86.ActiveCfg = Release|Win32
		{472FE8BB-7502-4897-86E3-DBB62B9CC83B}.Release|x86.Build.0 = Release|Win32
		{72BBC878-6245-4316-98DF-B3148EDB2919}.Debug|x64.ActiveCfg = Debug|x64
		{72BBC878-6245-4316-98DF-B3148EDB2919}.Debug|x64.Build.0 = Debug|x64
		{72BBC878-6245-4316-98DF-B3148EDB2919}.Debug|x86.ActiveCfg = Debug|Win32
		{72BBC878-6245-4316-98DF-B3148EDB2919}.Debug|x86.Build.0 = Debug|Win32
		{72BBC878-6245-4316-98DF-B3148EDB2919}.Release|x64.ActiveCfg = Release|x64
		{72BBC878-6245-4316-98DF-B3148EDB2919}.Release|x64.Build.0 = Release|x64
		{72BBC878-6245-4316-98DF-B3148EDB2919}.Release|x86.ActiveCfg = Release|Win32
		{72BBC878-6245-4316-98DF-B3148EDB2919}.Release|x86.Build.0 = Release|Win32
		{08AE75F4-B65B-4EE8-AD3F-4C3D9B24537A}.Debug|x64.ActiveCfg = Debug|x64
		{08AE75F4-B65B-4EE8-AD3F-4C3D9B24537A}.Debug|x64.Build.0 = Debug|x64
		{08AE75F4-B65B-4EE8-AD3F-4C3D9B24537A}.Debug|x86.ActiveCfg = Debug|Win32
		{08AE75F4-B65B-4EE8-AD3F-4C3D9B24537A}.Debug|x86.Build.0 = Debug|Win32
		{08AE75F4-B65B-4EE8-AD3F-4C3D9B24537A}.Release|x64.ActiveCfg = Release|x64
		{08AE75F4-B65B-4EE8-AD3F-4C3D9B24537A}.Release|x64.Build.0 = Release|x64
		{08AE75F4-B65B-4EE8-AD3F-4C3D9B24537A}.Release|x86.ActiveCfg = Release|Win32
		{08AE75F4-B65B-4EE8-AD3F-4C3D9B24537A}.Release|x86.Build.0 = Release|Win32
		{BE79C95E-F1AD-4E04-BF20-488837258EA8}.Debug|x64.ActiveCfg = Debug|x64
		{BE79C95E-F1AD-4E04-BF20-488837258EA8}.Debug|x64.Build.0 = Debug|x64
		{BE79C95E-F1AD-4E04-BF20-488837258EA8}.Debug|x86.ActiveCfg = Debug|Win32
		{BE79C95E-F1AD-4E04-BF20-488837258EA8}.Debug|x86.Build.0 = Debug|Win32
		{BE79C95E-F1AD-4E04-BF20-488837258EA8}.Release|x64.ActiveCfg = Release|x64
		{BE79C95E-F1AD-4E04-BF20-488837258EA8}.Release|x64.Build.0 = Release|x64
		{BE79C95E-F1AD-4E04-BF20-488837258EA8}.Release|x86.ActiveCfg = Release|Win32
		{BE79C95E-F1AD-4E04-BF20-488837258EA8}.Release|x86.Build.0 = Release|Win32
		{AF57A3B5-D343-48D3-8038-756AD5E79E90}.Debug|x64.ActiveCfg = Debug|x64
		{AF57A3B5-D343-48D3-8038-756AD5E79E90}.Debug|x64.Build.0 = Debug|x64
		{AF57A3B5-D343-48D3-8038-756AD5E79E90}.Debug|x86.ActiveCfg = Debug|Win32
		{AF57A3B5-D343-48D3-8038-756AD5E79E90}.Debug|x86.Build.0 = Debug|Win32
		{AF57A3B5-D343-48D3-8038-756AD5E79E90}.Release|x64.ActiveCfg = Release|x64
		{AF57A3B5-D343-48D3-8038-756AD5E79E90}.Release|x64.Build.0 = Release|x64
		{AF57A3B5-D343-48D3-8038-756AD5E79E90}.Release|x86.ActiveCfg = Release|Win32
		{AF57A3B5-D343-48D3-8038-756AD5E79E90}.Release|x86.Build.0 = Release|Win32
		{04634DF5-FB7E-483C-87A6-EFB63DC97BA6}.Debug|x64.ActiveCfg = Debug|x64
		{04634DF5-FB7E-483C-87A6-EFB63DC97BA6}.Debug|x64.Build.0 = Debug|x64
		{04634DF5-FB7E-483C-87A6-EFB63DC97BA6}.Debug|x86.ActiveCfg = Debug|Win32
		{04634DF5-FB7E-483C-87A6-EFB63DC97BA6}.Debug|x86.Build.0 = Debug|Win32
		{04634DF5-FB7E-483C-87A6-EFB63DC97BA6}.Release|x64.ActiveCfg = Release|x64
		{04634DF5-FB7E-483C-87A6-EFB63DC97BA6}.Release|x64.Build.0 = Release|x64
		{04634DF5-FB7E-483C-87A6-EFB63DC97BA6}.Release|x86.ActiveCfg = Release|Win32
		{04634DF5-FB7E-483C-87A6-EFB63DC97BA6}.Release|x86.Build.0 = Release|Win32
	EndGlobalSection
	GlobalSection(SolutionProperties) = preSolution
		HideSolutionNode = FALSE
	EndGlobalSection
	GlobalSection(ExtensibilityGlobals) = postSolution
		SolutionGuid = {5717BA3D-CA15-4F74-B3C3-35D83CA345A0}
	EndGlobalSection
EndGlobal
