
Microsoft Visual Studio Solution File, Format Version 12.00
# Visual Studio Version 17
VisualStudioVersion = 17.13.35931.197
MinimumVisualStudioVersion = 10.0.40219.1
Project("{8BC9CEB8-8B4A-11D0-8D11-00A0C91BC942}") = "Renderer3DDS", "Renderer3DDS\Renderer3DDS.vcxproj", "{76E5C4DA-EFCE-4F09-AFB1-D9CE91350E3F}"
	ProjectSection(ProjectDependencies) = postProject
		{00F0935E-EE52-423F-BCFA-3CE04738F5F4} = {00F0935E-EE52-423F-BCFA-3CE04738F5F4}
		{50664C94-8D78-4B08-A549-60548268D338} = {50664C94-8D78-4B08-A549-60548268D338}
		{6D247AFB-A8B8-42EA-8940-C3CE2095DE83} = {6D247AFB-A8B8-42EA-8940-C3CE2095DE83}
		{72BBC878-6245-4316-98DF-B3148EDB2919} = {72BBC878-6245-4316-98DF-B3148EDB2919}
		{A6B4203D-A261-433B-9110-9E227E7BF7BD} = {A6B4203D-A261-433B-9110-9E227E7BF7BD}
		{A93DC1A5-1BCC-4487-8B49-30B717B899EC} = {A93DC1A5-1BCC-4487-8B49-30B717B899EC}
		{BE79C95E-F1AD-4E04-BF20-488837258EA8} = {BE79C95E-F1AD-4E04-BF20-488837258EA8}
		{FC0F9DC7-A78E-4955-8042-30B75CBBB493} = {FC0F9DC7-A78E-4955-8042-30B75CBBB493}
	EndProjectSection
EndProject
Project("{8BC9CEB8-8B4A-11D0-8D11-00A0C91BC942}") = "Platform", "Platform\Platform.vcxproj", "{72BBC878-6245-4316-98DF-B3148EDB2919}"
EndProject
Project("{8BC9CEB8-8B4A-11D0-8D11-00A0C91BC942}") = "ImageProcessing", "ImageProcessing\ImageProcessing.vcxproj", "{08AE75F4-B65B-4EE8-AD3F-4C3D9B24537A}"
	ProjectSection(ProjectDependencies) = postProject
		{72BBC878-6245-4316-98DF-B3148EDB2919} = {72BBC878-6245-4316-98DF-B3148EDB2919}
	EndProjectSection
EndProject
Project("{8BC9CEB8-8B4A-11D0-8D11-00A0C91BC942}") = "ECS", "ECS\ECS.vcxproj", "{BE79C95E-F1AD-4E04-BF20-488837258EA8}"
	ProjectSection(ProjectDependencies) = postProject
		{6D247AFB-A8B8-42EA-8940-C3CE2095DE83} = {6D247AFB-A8B8-42EA-8940-C3CE2095DE83}
		{72BBC878-6245-4316-98DF-B3148EDB2919} = {72BBC878-6245-4316-98DF-B3148EDB2919}
		{FC0F9DC7-A78E-4955-8042-30B75CBBB493} = {FC0F9DC7-A78E-4955-8042-30B75CBBB493}
	EndProjectSection
EndProject
Project("{8BC9CEB8-8B4A-11D0-8D11-00A0C91BC942}") = "Components", "Components\Components.vcxproj", "{AF57A3B5-D343-48D3-8038-756AD5E79E90}"
	ProjectSection(ProjectDependencies) = postProject
		{6D247AFB-A8B8-42EA-8940-C3CE2095DE83} = {6D247AFB-A8B8-42EA-8940-C3CE2095DE83}
		{72BBC878-6245-4316-98DF-B3148EDB2919} = {72BBC878-6245-4316-98DF-B3148EDB2919}
		{BE79C95E-F1AD-4E04-BF20-488837258EA8} = {BE79C95E-F1AD-4E04-BF20-488837258EA8}
		{FC0F9DC7-A78E-4955-8042-30B75CBBB493} = {FC0F9DC7-A78E-4955-8042-30B75CBBB493}
	EndProjectSection
EndProject
Project("{8BC9CEB8-8B4A-11D0-8D11-00A0C91BC942}") = "Utilities", "Utilities\Utilities.vcxproj", "{6D247AFB-A8B8-42EA-8940-C3CE2095DE83}"
EndProject
Project("{8BC9CEB8-8B4A-11D0-8D11-00A0C91BC942}") = "MediaLibrary", "MediaLibrary\MediaLibrary.vcxproj", "{CB1D267D-DDD3-4529-A39B-3FDC8517AB4D}"
	ProjectSection(ProjectDependencies) = postProject
		{72BBC878-6245-4316-98DF-B3148EDB2919} = {72BBC878-6245-4316-98DF-B3148EDB2919}
	EndProjectSection
EndProject
Project("{8BC9CEB8-8B4A-11D0-8D11-00A0C91BC942}") = "AppCore", "AppCore\AppCore.vcxproj", "{6AE9518A-0628-4478-A64E-3C75CF8CF02D}"
	ProjectSection(ProjectDependencies) = postProject
		{50664C94-8D78-4B08-A549-60548268D338} = {50664C94-8D78-4B08-A549-60548268D338}
		{6D247AFB-A8B8-42EA-8940-C3CE2095DE83} = {6D247AFB-A8B8-42EA-8940-C3CE2095DE83}
		{72BBC878-6245-4316-98DF-B3148EDB2919} = {72BBC878-6245-4316-98DF-B3148EDB2919}
		{BE79C95E-F1AD-4E04-BF20-488837258EA8} = {BE79C95E-F1AD-4E04-BF20-488837258EA8}
		{FC0F9DC7-A78E-4955-8042-30B75CBBB493} = {FC0F9DC7-A78E-4955-8042-30B75CBBB493}
	EndProjectSection
EndProject
Project("{8BC9CEB8-8B4A-11D0-8D11-00A0C91BC942}") = "SandBox3D", "SandBox3D\SandBox3D.vcxproj", "{2B8A93E9-237F-477C-89B2-5FEB9E5686F1}"
	ProjectSection(ProjectDependencies) = postProject
		{00F0935E-EE52-423F-BCFA-3CE04738F5F4} = {00F0935E-EE52-423F-BCFA-3CE04738F5F4}
		{4487E549-2592-4AC9-9D06-320CF928E675} = {4487E549-2592-4AC9-9D06-320CF928E675}
		{50664C94-8D78-4B08-A549-60548268D338} = {50664C94-8D78-4B08-A549-60548268D338}
		{5A5DE00B-63CE-4EF2-A65A-3F46E7D90D47} = {5A5DE00B-63CE-4EF2-A65A-3F46E7D90D47}
		{6AE9518A-0628-4478-A64E-3C75CF8CF02D} = {6AE9518A-0628-4478-A64E-3C75CF8CF02D}
		{6D247AFB-A8B8-42EA-8940-C3CE2095DE83} = {6D247AFB-A8B8-42EA-8940-C3CE2095DE83}
		{72BBC878-6245-4316-98DF-B3148EDB2919} = {72BBC878-6245-4316-98DF-B3148EDB2919}
		{76E5C4DA-EFCE-4F09-AFB1-D9CE91350E3F} = {76E5C4DA-EFCE-4F09-AFB1-D9CE91350E3F}
		{A6B4203D-A261-433B-9110-9E227E7BF7BD} = {A6B4203D-A261-433B-9110-9E227E7BF7BD}
		{A93DC1A5-1BCC-4487-8B49-30B717B899EC} = {A93DC1A5-1BCC-4487-8B49-30B717B899EC}
		{AF57A3B5-D343-48D3-8038-756AD5E79E90} = {AF57A3B5-D343-48D3-8038-756AD5E79E90}
		{B119376A-3863-49B2-8676-9449FF46E7BE} = {B119376A-3863-49B2-8676-9449FF46E7BE}
		{BE79C95E-F1AD-4E04-BF20-488837258EA8} = {BE79C95E-F1AD-4E04-BF20-488837258EA8}
		{FC0F9DC7-A78E-4955-8042-30B75CBBB493} = {FC0F9DC7-A78E-4955-8042-30B75CBBB493}
	EndProjectSection
EndProject
Project("{8BC9CEB8-8B4A-11D0-8D11-00A0C91BC942}") = "Editor", "Editor\Editor.vcxproj", "{B119376A-3863-49B2-8676-9449FF46E7BE}"
	ProjectSection(ProjectDependencies) = postProject
		{50664C94-8D78-4B08-A549-60548268D338} = {50664C94-8D78-4B08-A549-60548268D338}
		{6D247AFB-A8B8-42EA-8940-C3CE2095DE83} = {6D247AFB-A8B8-42EA-8940-C3CE2095DE83}
		{72BBC878-6245-4316-98DF-B3148EDB2919} = {72BBC878-6245-4316-98DF-B3148EDB2919}
		{A93DC1A5-1BCC-4487-8B49-30B717B899EC} = {A93DC1A5-1BCC-4487-8B49-30B717B899EC}
		{BE79C95E-F1AD-4E04-BF20-488837258EA8} = {BE79C95E-F1AD-4E04-BF20-488837258EA8}
		{FC0F9DC7-A78E-4955-8042-30B75CBBB493} = {FC0F9DC7-A78E-4955-8042-30B75CBBB493}
	EndProjectSection
EndProject
Project("{8BC9CEB8-8B4A-11D0-8D11-00A0C91BC942}") = "Media", "Media\Media.vcxproj", "{FC0F9DC7-A78E-4955-8042-30B75CBBB493}"
	ProjectSection(ProjectDependencies) = postProject
		{00F0935E-EE52-423F-BCFA-3CE04738F5F4} = {00F0935E-EE52-423F-BCFA-3CE04738F5F4}
		{6D247AFB-A8B8-42EA-8940-C3CE2095DE83} = {6D247AFB-A8B8-42EA-8940-C3CE2095DE83}
		{72BBC878-6245-4316-98DF-B3148EDB2919} = {72BBC878-6245-4316-98DF-B3148EDB2919}
		{A6B4203D-A261-433B-9110-9E227E7BF7BD} = {A6B4203D-A261-433B-9110-9E227E7BF7BD}
	EndProjectSection
EndProject
Project("{8BC9CEB8-8B4A-11D0-8D11-00A0C91BC942}") = "ImGui", "ImGui\ImGui.vcxproj", "{A93DC1A5-1BCC-4487-8B49-30B717B899EC}"
	ProjectSection(ProjectDependencies) = postProject
		{00F0935E-EE52-423F-BCFA-3CE04738F5F4} = {00F0935E-EE52-423F-BCFA-3CE04738F5F4}
		{A6B4203D-A261-433B-9110-9E227E7BF7BD} = {A6B4203D-A261-433B-9110-9E227E7BF7BD}
	EndProjectSection
EndProject
Project("{8BC9CEB8-8B4A-11D0-8D11-00A0C91BC942}") = "IOManager", "IOManager\IOManager.vcxproj", "{BA75527F-568B-462D-AACF-D7B39DDDE3D6}"
	ProjectSection(ProjectDependencies) = postProject
		{6D247AFB-A8B8-42EA-8940-C3CE2095DE83} = {6D247AFB-A8B8-42EA-8940-C3CE2095DE83}
		{72BBC878-6245-4316-98DF-B3148EDB2919} = {72BBC878-6245-4316-98DF-B3148EDB2919}
		{FC0F9DC7-A78E-4955-8042-30B75CBBB493} = {FC0F9DC7-A78E-4955-8042-30B75CBBB493}
	EndProjectSection
EndProject
Project("{8BC9CEB8-8B4A-11D0-8D11-00A0C91BC942}") = "Application", "Application\Application.vcxproj", "{50664C94-8D78-4B08-A549-60548268D338}"
	ProjectSection(ProjectDependencies) = postProject
		{6D247AFB-A8B8-42EA-8940-C3CE2095DE83} = {6D247AFB-A8B8-42EA-8940-C3CE2095DE83}
		{72BBC878-6245-4316-98DF-B3148EDB2919} = {72BBC878-6245-4316-98DF-B3148EDB2919}
		{A93DC1A5-1BCC-4487-8B49-30B717B899EC} = {A93DC1A5-1BCC-4487-8B49-30B717B899EC}
		{AF57A3B5-D343-48D3-8038-756AD5E79E90} = {AF57A3B5-D343-48D3-8038-756AD5E79E90}
		{BE79C95E-F1AD-4E04-BF20-488837258EA8} = {BE79C95E-F1AD-4E04-BF20-488837258EA8}
		{FC0F9DC7-A78E-4955-8042-30B75CBBB493} = {FC0F9DC7-A78E-4955-8042-30B75CBBB493}
	EndProjectSection
EndProject
Project("{8BC9CEB8-8B4A-11D0-8D11-00A0C91BC942}") = "GLFW", "GLFW\GLFW.vcxproj", "{00F0935E-EE52-423F-BCFA-3CE04738F5F4}"
EndProject
Project("{8BC9CEB8-8B4A-11D0-8D11-00A0C91BC942}") = "GLAD", "GLAD\GLAD.vcxproj", "{A6B4203D-A261-433B-9110-9E227E7BF7BD}"
EndProject
Project("{8BC9CEB8-8B4A-11D0-8D11-00A0C91BC942}") = "GLM", "GLM\GLM.vcxproj", "{5A5DE00B-63CE-4EF2-A65A-3F46E7D90D47}"
EndProject
Project("{8BC9CEB8-8B4A-11D0-8D11-00A0C91BC942}") = "SceneManager", "SceneManager\SceneManager.vcxproj", "{4487E549-2592-4AC9-9D06-320CF928E675}"
EndProject
Project("{8BC9CEB8-8B4A-11D0-8D11-00A0C91BC942}") = "PerfECS", "PerfECS\PerfECS.vcxproj", "{26065B6B-EFEE-47C2-BCDA-669A1EC24A3A}"
	ProjectSection(ProjectDependencies) = postProject
		{00F0935E-EE52-423F-BCFA-3CE04738F5F4} = {00F0935E-EE52-423F-BCFA-3CE04738F5F4}
		{6D247AFB-A8B8-42EA-8940-C3CE2095DE83} = {6D247AFB-A8B8-42EA-8940-C3CE2095DE83}
		{72BBC878-6245-4316-98DF-B3148EDB2919} = {72BBC878-6245-4316-98DF-B3148EDB2919}
		{A6B4203D-A261-433B-9110-9E227E7BF7BD} = {A6B4203D-A261-433B-9110-9E227E7BF7BD}
		{BE79C95E-F1AD-4E04-BF20-488837258EA8} = {BE79C95E-F1AD-4E04-BF20-488837258EA8}
		{FC0F9DC7-A78E-4955-8042-30B75CBBB493} = {FC0F9DC7-A78E-4955-8042-30B75CBBB493}
	EndProjectSection
EndProject
Global
	GlobalSection(SolutionConfigurationPlatforms) = preSolution
		Debug|x64 = Debug|x64
		Debug|x86 = Debug|x86
		Release|x64 = Release|x64
		Release|x86 = Release|x86
	EndGlobalSection
	GlobalSection(ProjectConfigurationPlatforms) = postSolution
		{76E5C4DA-EFCE-4F09-AFB1-D9CE91350E3F}.Debug|x64.ActiveCfg = Debug|x64
		{76E5C4DA-EFCE-4F09-AFB1-D9CE91350E3F}.Debug|x64.Build.0 = Debug|x64
		{76E5C4DA-EFCE-4F09-AFB1-D9CE91350E3F}.Debug|x86.ActiveCfg = Debug|Win32
		{76E5C4DA-EFCE-4F09-AFB1-D9CE91350E3F}.Debug|x86.Build.0 = Debug|Win32
		{76E5C4DA-EFCE-4F09-AFB1-D9CE91350E3F}.Release|x64.ActiveCfg = Release|x64
		{76E5C4DA-EFCE-4F09-AFB1-D9CE91350E3F}.Release|x64.Build.0 = Release|x64
		{76E5C4DA-EFCE-4F09-AFB1-D9CE91350E3F}.Release|x86.ActiveCfg = Release|Win32
		{76E5C4DA-EFCE-4F09-AFB1-D9CE91350E3F}.Release|x86.Build.0 = Release|Win32
		{72BBC878-6245-4316-98DF-B3148EDB2919}.Debug|x64.ActiveCfg = Debug|x64
		{72BBC878-6245-4316-98DF-B3148EDB2919}.Debug|x64.Build.0 = Debug|x64
		{72BBC878-6245-4316-98DF-B3148EDB2919}.Debug|x86.ActiveCfg = Debug|Win32
		{72BBC878-6245-4316-98DF-B3148EDB2919}.Debug|x86.Build.0 = Debug|Win32
		{72BBC878-6245-4316-98DF-B3148EDB2919}.Release|x64.ActiveCfg = Release|x64
		{72BBC878-6245-4316-98DF-B3148EDB2919}.Release|x64.Build.0 = Release|x64
		{72BBC878-6245-4316-98DF-B3148EDB2919}.Release|x86.ActiveCfg = Release|Win32
		{72BBC878-6245-4316-98DF-B3148EDB2919}.Release|x86.Build.0 = Release|Win32
		{08AE75F4-B65B-4EE8-AD3F-4C3D9B24537A}.Debug|x64.ActiveCfg = Debug|x64
		{08AE75F4-B65B-4EE8-AD3F-4C3D9B24537A}.Debug|x64.Build.0 = Debug|x64
		{08AE75F4-B65B-4EE8-AD3F-4C3D9B24537A}.Debug|x86.ActiveCfg = Debug|Win32
		{08AE75F4-B65B-4EE8-AD3F-4C3D9B24537A}.Debug|x86.Build.0 = Debug|Win32
		{08AE75F4-B65B-4EE8-AD3F-4C3D9B24537A}.Release|x64.ActiveCfg = Release|x64
		{08AE75F4-B65B-4EE8-AD3F-4C3D9B24537A}.Release|x64.Build.0 = Release|x64
		{08AE75F4-B65B-4EE8-AD3F-4C3D9B24537A}.Release|x86.ActiveCfg = Release|Win32
		{08AE75F4-B65B-4EE8-AD3F-4C3D9B24537A}.Release|x86.Build.0 = Release|Win32
		{BE79C95E-F1AD-4E04-BF20-488837258EA8}.Debug|x64.ActiveCfg = Debug|x64
		{BE79C95E-F1AD-4E04-BF20-488837258EA8}.Debug|x64.Build.0 = Debug|x64
		{BE79C95E-F1AD-4E04-BF20-488837258EA8}.Debug|x86.ActiveCfg = Debug|Win32
		{BE79C95E-F1AD-4E04-BF20-488837258EA8}.Debug|x86.Build.0 = Debug|Win32
		{BE79C95E-F1AD-4E04-BF20-488837258EA8}.Release|x64.ActiveCfg = Release|x64
		{BE79C95E-F1AD-4E04-BF20-488837258EA8}.Release|x64.Build.0 = Release|x64
		{BE79C95E-F1AD-4E04-BF20-488837258EA8}.Release|x86.ActiveCfg = Release|Win32
		{BE79C95E-F1AD-4E04-BF20-488837258EA8}.Release|x86.Build.0 = Release|Win32
		{AF57A3B5-D343-48D3-8038-756AD5E79E90}.Debug|x64.ActiveCfg = Debug|x64
		{AF57A3B5-D343-48D3-8038-756AD5E79E90}.Debug|x64.Build.0 = Debug|x64
		{AF57A3B5-D343-48D3-8038-756AD5E79E90}.Debug|x86.ActiveCfg = Debug|Win32
		{AF57A3B5-D343-48D3-8038-756AD5E79E90}.Debug|x86.Build.0 = Debug|Win32
		{AF57A3B5-D343-48D3-8038-756AD5E79E90}.Release|x64.ActiveCfg = Release|x64
		{AF57A3B5-D343-48D3-8038-756AD5E79E90}.Release|x64.Build.0 = Release|x64
		{AF57A3B5-D343-48D3-8038-756AD5E79E90}.Release|x86.ActiveCfg = Release|Win32
		{AF57A3B5-D343-48D3-8038-756AD5E79E90}.Release|x86.Build.0 = Release|Win32
		{6D247AFB-A8B8-42EA-8940-C3CE2095DE83}.Debug|x64.ActiveCfg = Debug|x64
		{6D247AFB-A8B8-42EA-8940-C3CE2095DE83}.Debug|x64.Build.0 = Debug|x64
		{6D247AFB-A8B8-42EA-8940-C3CE2095DE83}.Debug|x86.ActiveCfg = Debug|Win32
		{6D247AFB-A8B8-42EA-8940-C3CE2095DE83}.Debug|x86.Build.0 = Debug|Win32
		{6D247AFB-A8B8-42EA-8940-C3CE2095DE83}.Release|x64.ActiveCfg = Release|x64
		{6D247AFB-A8B8-42EA-8940-C3CE2095DE83}.Release|x64.Build.0 = Release|x64
		{6D247AFB-A8B8-42EA-8940-C3CE2095DE83}.Release|x86.ActiveCfg = Release|Win32
		{6D247AFB-A8B8-42EA-8940-C3CE2095DE83}.Release|x86.Build.0 = Release|Win32
		{CB1D267D-DDD3-4529-A39B-3FDC8517AB4D}.Debug|x64.ActiveCfg = Debug|x64
		{CB1D267D-DDD3-4529-A39B-3FDC8517AB4D}.Debug|x64.Build.0 = Debug|x64
		{CB1D267D-DDD3-4529-A39B-3FDC8517AB4D}.Debug|x86.ActiveCfg = Debug|Win32
		{CB1D267D-DDD3-4529-A39B-3FDC8517AB4D}.Debug|x86.Build.0 = Debug|Win32
		{CB1D267D-DDD3-4529-A39B-3FDC8517AB4D}.Release|x64.ActiveCfg = Release|x64
		{CB1D267D-DDD3-4529-A39B-3FDC8517AB4D}.Release|x64.Build.0 = Release|x64
		{CB1D267D-DDD3-4529-A39B-3FDC8517AB4D}.Release|x86.ActiveCfg = Release|Win32
		{CB1D267D-DDD3-4529-A39B-3FDC8517AB4D}.Release|x86.Build.0 = Release|Win32
		{6AE9518A-0628-4478-A64E-3C75CF8CF02D}.Debug|x64.ActiveCfg = Debug|x64
		{6AE9518A-0628-4478-A64E-3C75CF8CF02D}.Debug|x64.Build.0 = Debug|x64
		{6AE9518A-0628-4478-A64E-3C75CF8CF02D}.Debug|x86.ActiveCfg = Debug|Win32
		{6AE9518A-0628-4478-A64E-3C75CF8CF02D}.Debug|x86.Build.0 = Debug|Win32
		{6AE9518A-0628-4478-A64E-3C75CF8CF02D}.Release|x64.ActiveCfg = Release|x64
		{6AE9518A-0628-4478-A64E-3C75CF8CF02D}.Release|x64.Build.0 = Release|x64
		{6AE9518A-0628-4478-A64E-3C75CF8CF02D}.Release|x86.ActiveCfg = Release|Win32
		{6AE9518A-0628-4478-A64E-3C75CF8CF02D}.Release|x86.Build.0 = Release|Win32
		{2B8A93E9-237F-477C-89B2-5FEB9E5686F1}.Debug|x64.ActiveCfg = Debug|x64
		{2B8A93E9-237F-477C-89B2-5FEB9E5686F1}.Debug|x64.Build.0 = Debug|x64
		{2B8A93E9-237F-477C-89B2-5FEB9E5686F1}.Debug|x86.ActiveCfg = Debug|Win32
		{2B8A93E9-237F-477C-89B2-5FEB9E5686F1}.Debug|x86.Build.0 = Debug|Win32
		{2B8A93E9-237F-477C-89B2-5FEB9E5686F1}.Release|x64.ActiveCfg = Release|x64
		{2B8A93E9-237F-477C-89B2-5FEB9E5686F1}.Release|x64.Build.0 = Release|x64
		{2B8A93E9-237F-477C-89B2-5FEB9E5686F1}.Release|x86.ActiveCfg = Release|Win32
		{2B8A93E9-237F-477C-89B2-5FEB9E5686F1}.Release|x86.Build.0 = Release|Win32
		{B119376A-3863-49B2-8676-9449FF46E7BE}.Debug|x64.ActiveCfg = Debug|x64
		{B119376A-3863-49B2-8676-9449FF46E7BE}.Debug|x64.Build.0 = Debug|x64
		{B119376A-3863-49B2-8676-9449FF46E7BE}.Debug|x86.ActiveCfg = Debug|Win32
		{B119376A-3863-49B2-8676-9449FF46E7BE}.Debug|x86.Build.0 = Debug|Win32
		{B119376A-3863-49B2-8676-9449FF46E7BE}.Release|x64.ActiveCfg = Release|x64
		{B119376A-3863-49B2-8676-9449FF46E7BE}.Release|x64.Build.0 = Release|x64
		{B119376A-3863-49B2-8676-9449FF46E7BE}.Release|x86.ActiveCfg = Release|Win32
		{B119376A-3863-49B2-8676-9449FF46E7BE}.Release|x86.Build.0 = Release|Win32
		{FC0F9DC7-A78E-4955-8042-30B75CBBB493}.Debug|x64.ActiveCfg = Debug|x64
		{FC0F9DC7-A78E-4955-8042-30B75CBBB493}.Debug|x64.Build.0 = Debug|x64
		{FC0F9DC7-A78E-4955-8042-30B75CBBB493}.Debug|x86.ActiveCfg = Debug|Win32
		{FC0F9DC7-A78E-4955-8042-30B75CBBB493}.Debug|x86.Build.0 = Debug|Win32
		{FC0F9DC7-A78E-4955-8042-30B75CBBB493}.Release|x64.ActiveCfg = Release|x64
		{FC0F9DC7-A78E-4955-8042-30B75CBBB493}.Release|x64.Build.0 = Release|x64
		{FC0F9DC7-A78E-4955-8042-30B75CBBB493}.Release|x86.ActiveCfg = Release|Win32
		{FC0F9DC7-A78E-4955-8042-30B75CBBB493}.Release|x86.Build.0 = Release|Win32
		{A93DC1A5-1BCC-4487-8B49-30B717B899EC}.Debug|x64.ActiveCfg = Debug|x64
		{A93DC1A5-1BCC-4487-8B49-30B717B899EC}.Debug|x64.Build.0 = Debug|x64
		{A93DC1A5-1BCC-4487-8B49-30B717B899EC}.Debug|x86.ActiveCfg = Debug|Win32
		{A93DC1A5-1BCC-4487-8B49-30B717B899EC}.Debug|x86.Build.0 = Debug|Win32
		{A93DC1A5-1BCC-4487-8B49-30B717B899EC}.Release|x64.ActiveCfg = Release|x64
		{A93DC1A5-1BCC-4487-8B49-30B717B899EC}.Release|x64.Build.0 = Release|x64
		{A93DC1A5-1BCC-4487-8B49-30B717B899EC}.Release|x86.ActiveCfg = Release|Win32
		{A93DC1A5-1BCC-4487-8B49-30B717B899EC}.Release|x86.Build.0 = Release|Win32
		{BA75527F-568B-462D-AACF-D7B39DDDE3D6}.Debug|x64.ActiveCfg = Debug|x64
		{BA75527F-568B-462D-AACF-D7B39DDDE3D6}.Debug|x64.Build.0 = Debug|x64
		{BA75527F-568B-462D-AACF-D7B39DDDE3D6}.Debug|x86.ActiveCfg = Debug|Win32
		{BA75527F-568B-462D-AACF-D7B39DDDE3D6}.Debug|x86.Build.0 = Debug|Win32
		{BA75527F-568B-462D-AACF-D7B39DDDE3D6}.Release|x64.ActiveCfg = Release|x64
		{BA75527F-568B-462D-AACF-D7B39DDDE3D6}.Release|x64.Build.0 = Release|x64
		{BA75527F-568B-462D-AACF-D7B39DDDE3D6}.Release|x86.ActiveCfg = Release|Win32
		{BA75527F-568B-462D-AACF-D7B39DDDE3D6}.Release|x86.Build.0 = Release|Win32
		{50664C94-8D78-4B08-A549-60548268D338}.Debug|x64.ActiveCfg = Debug|x64
		{50664C94-8D78-4B08-A549-60548268D338}.Debug|x64.Build.0 = Debug|x64
		{50664C94-8D78-4B08-A549-60548268D338}.Debug|x86.ActiveCfg = Debug|Win32
		{50664C94-8D78-4B08-A549-60548268D338}.Debug|x86.Build.0 = Debug|Win32
		{50664C94-8D78-4B08-A549-60548268D338}.Release|x64.ActiveCfg = Release|x64
		{50664C94-8D78-4B08-A549-60548268D338}.Release|x64.Build.0 = Release|x64
		{50664C94-8D78-4B08-A549-60548268D338}.Release|x86.ActiveCfg = Release|Win32
		{50664C94-8D78-4B08-A549-60548268D338}.Release|x86.Build.0 = Release|Win32
		{00F0935E-EE52-423F-BCFA-3CE04738F5F4}.Debug|x64.ActiveCfg = Debug|x64
		{00F0935E-EE52-423F-BCFA-3CE04738F5F4}.Debug|x64.Build.0 = Debug|x64
		{00F0935E-EE52-423F-BCFA-3CE04738F5F4}.Debug|x86.ActiveCfg = Debug|Win32
		{00F0935E-EE52-423F-BCFA-3CE04738F5F4}.Debug|x86.Build.0 = Debug|Win32
		{00F0935E-EE52-423F-BCFA-3CE04738F5F4}.Release|x64.ActiveCfg = Release|x64
		{00F0935E-EE52-423F-BCFA-3CE04738F5F4}.Release|x64.Build.0 = Release|x64
		{00F0935E-EE52-423F-BCFA-3CE04738F5F4}.Release|x86.ActiveCfg = Release|Win32
		{00F0935E-EE52-423F-BCFA-3CE04738F5F4}.Release|x86.Build.0 = Release|Win32
		{A6B4203D-A261-433B-9110-9E227E7BF7BD}.Debug|x64.ActiveCfg = Debug|x64
		{A6B4203D-A261-433B-9110-9E227E7BF7BD}.Debug|x64.Build.0 = Debug|x64
		{A6B4203D-A261-433B-9110-9E227E7BF7BD}.Debug|x86.ActiveCfg = Debug|Win32
		{A6B4203D-A261-433B-9110-9E227E7BF7BD}.Debug|x86.Build.0 = Debug|Win32
		{A6B4203D-A261-433B-9110-9E227E7BF7BD}.Release|x64.ActiveCfg = Release|x64
		{A6B4203D-A261-433B-9110-9E227E7BF7BD}.Release|x64.Build.0 = Release|x64
		{A6B4203D-A261-433B-9110-9E227E7BF7BD}.Release|x86.ActiveCfg = Release|Win32
		{A6B4203D-A261-433B-9110-9E227E7BF7BD}.Release|x86.Build.0 = Release|Win32
		{5A5DE00B-63CE-4EF2-A65A-3F46E7D90D47}.Debug|x64.ActiveCfg = Debug|x64
		{5A5DE00B-63CE-4EF2-A65A-3F46E7D90D47}.Debug|x64.Build.0 = Debug|x64
		{5A5DE00B-63CE-4EF2-A65A-3F46E7D90D47}.Debug|x86.ActiveCfg = Debug|Win32
		{5A5DE00B-63CE-4EF2-A65A-3F46E7D90D47}.Debug|x86.Build.0 = Debug|Win32
		{5A5DE00B-63CE-4EF2-A65A-3F46E7D90D47}.Release|x64.ActiveCfg = Release|x64
		{5A5DE00B-63CE-4EF2-A65A-3F46E7D90D47}.Release|x64.Build.0 = Release|x64
		{5A5DE00B-63CE-4EF2-A65A-3F46E7D90D47}.Release|x86.ActiveCfg = Release|Win32
		{5A5DE00B-63CE-4EF2-A65A-3F46E7D90D47}.Release|x86.Build.0 = Release|Win32
		{4487E549-2592-4AC9-9D06-320CF928E675}.Debug|x64.ActiveCfg = Debug|x64
		{4487E549-2592-4AC9-9D06-320CF928E675}.Debug|x64.Build.0 = Debug|x64
		{4487E549-2592-4AC9-9D06-320CF928E675}.Debug|x86.ActiveCfg = Debug|Win32
		{4487E549-2592-4AC9-9D06-320CF928E675}.Debug|x86.Build.0 = Debug|Win32
		{4487E549-2592-4AC9-9D06-320CF928E675}.Release|x64.ActiveCfg = Release|x64
		{4487E549-2592-4AC9-9D06-320CF928E675}.Release|x64.Build.0 = Release|x64
		{4487E549-2592-4AC9-9D06-320CF928E675}.Release|x86.ActiveCfg = Release|Win32
		{4487E549-2592-4AC9-9D06-320CF928E675}.Release|x86.Build.0 = Release|Win32
		{26065B6B-EFEE-47C2-BCDA-669A1EC24A3A}.Debug|x64.ActiveCfg = Debug|x64
		{26065B6B-EFEE-47C2-BCDA-669A1EC24A3A}.Debug|x64.Build.0 = Debug|x64
		{26065B6B-EFEE-47C2-BCDA-669A1EC24A3A}.Debug|x86.ActiveCfg = Debug|Win32
		{26065B6B-EFEE-47C2-BCDA-669A1EC24A3A}.Debug|x86.Build.0 = Debug|Win32
		{26065B6B-EFEE-47C2-BCDA-669A1EC24A3A}.Release|x64.ActiveCfg = Release|x64
		{26065B6B-EFEE-47C2-BCDA-669A1EC24A3A}.Release|x64.Build.0 = Release|x64
		{26065B6B-EFEE-47C2-BCDA-669A1EC24A3A}.Release|x86.ActiveCfg = Release|Win32
		{26065B6B-EFEE-47C2-BCDA-669A1EC24A3A}.Release|x86.Build.0 = Release|Win32
	EndGlobalSection
	GlobalSection(SolutionProperties) = preSolution
		HideSolutionNode = FALSE
	EndGlobalSection
	GlobalSection(ExtensibilityGlobals) = postSolution
		SolutionGuid = {5717BA3D-CA15-4F74-B3C3-35D83CA345A0}
	EndGlobalSection
EndGlobal
