<?xml version="1.0" encoding="utf-8"?>
<Project ToolsVersion="4.0" xmlns="http://schemas.microsoft.com/developer/msbuild/2003">
  <ItemGroup>
    <Filter Include="Source Files">
      <UniqueIdentifier>{4FC737F1-C7A5-4376-A066-2A32D752A2FF}</UniqueIdentifier>
      <Extensions>cpp;c;cc;cxx;c++;cppm;ixx;def;odl;idl;hpj;bat;asm;asmx</Extensions>
    </Filter>
    <Filter Include="Header Files">
      <UniqueIdentifier>{93995380-89BD-4b04-88EB-625FBE52EBFB}</UniqueIdentifier>
      <Extensions>h;hh;hpp;hxx;h++;hm;inl;inc;ipp;xsd</Extensions>
    </Filter>
    <Filter Include="Resource Files">
      <UniqueIdentifier>{67DA6AB6-F800-4c08-8B7A-83BB121AAD01}</UniqueIdentifier>
      <Extensions>rc;ico;cur;bmp;dlg;rc2;rct;bin;rgs;gif;jpg;jpeg;jpe;resx;tiff;tif;png;wav;mfcribbon-ms</Extensions>
    </Filter>
  </ItemGroup>
  <ItemGroup>
    <ClInclude Include="Source\Test\inc.h">
      <Filter>Header Files</Filter>
    </ClInclude>
    <ClInclude Include="Source\dsp\LowLevel\PointTransforms\Binarization.h">
      <Filter>Header Files</Filter>
    </ClInclude>
    <ClInclude Include="Source\dsp\LowLevel\Converters.h">
      <Filter>Header Files</Filter>
    </ClInclude>
    <ClInclude Include="Source\dsp\LowLevel\Convolution\Convolution.h">
      <Filter>Header Files</Filter>
    </ClInclude>
    <ClInclude Include="Source\dsp\LowLevel\Extras.h">
      <Filter>Header Files</Filter>
    </ClInclude>
    <ClInclude Include="Source\dsp\LowLevel\PointTransforms\GammaTransform.h">
      <Filter>Header Files</Filter>
    </ClInclude>
    <ClInclude Include="Source\dsp\LowLevel\Histogram\Histogram.h">
      <Filter>Header Files</Filter>
    </ClInclude>
    <ClInclude Include="Source\dsp\LowLevel\PointTransforms\Inverse.h">
      <Filter>Header Files</Filter>
    </ClInclude>
    <ClInclude Include="Source\dsp\LowLevel\PointTransforms\Operations.h">
      <Filter>Header Files</Filter>
    </ClInclude>
    <ClInclude Include="Source\dsp\LowLevel\PointTransforms\Rotation.h">
      <Filter>Header Files</Filter>
    </ClInclude>
    <ClInclude Include="Source\dsp\LowLevel\PointTransforms\Sepia.h">
      <Filter>Header Files</Filter>
    </ClInclude>
    <ClInclude Include="Source\Core.hpp">
      <Filter>Header Files</Filter>
    </ClInclude>
    <ClInclude Include="Source\dsp\LowLevel\Convolution\Masks\Masks.h">
      <Filter>Header Files</Filter>
    </ClInclude>
    <ClInclude Include="Source\dsp\LowLevel\Convolution\Masks\EdgeDetectionMasks.h">
      <Filter>Header Files</Filter>
    </ClInclude>
    <ClInclude Include="Source\dsp\LowLevel\Convolution\Masks\LineDetectionMask.h">
      <Filter>Header Files</Filter>
    </ClInclude>
    <ClInclude Include="Source\dsp\LowLevel\Convolution\Masks\Other.h">
      <Filter>Header Files</Filter>
    </ClInclude>
    <ClInclude Include="Source\dsp\LowLevel\PointTransforms\SaltAndPepperNoise.h">
      <Filter>Header Files</Filter>
    </ClInclude>
    <ClInclude Include="Source\dsp\LowLevel\Convolution\Masks\FilterMasks.h">
      <Filter>Header Files</Filter>
    </ClInclude>
    <ClInclude Include="Source\dsp\LowLevel\PixelBuffer.h">
      <Filter>Header Files</Filter>
    </ClInclude>
    <ClInclude Include="Source\dsp\LowLevel\PointTransforms\GausianNoise.h">
      <Filter>Header Files</Filter>
    </ClInclude>
  </ItemGroup>
  <ItemGroup>
    <ClCompile Include="Source\Test\TestAll.cpp">
      <Filter>Source Files</Filter>
    </ClCompile>
    <ClCompile Include="Source\dsp\LowLevel\PointTransforms\Binarization.cpp">
      <Filter>Source Files</Filter>
    </ClCompile>
    <ClCompile Include="Source\dsp\LowLevel\Converters.cpp">
      <Filter>Source Files</Filter>
    </ClCompile>
    <ClCompile Include="Source\dsp\LowLevel\Convolution\Convolution.cpp">
      <Filter>Source Files</Filter>
    </ClCompile>
    <ClCompile Include="Source\dsp\LowLevel\Extras.cpp">
      <Filter>Source Files</Filter>
    </ClCompile>
    <ClCompile Include="Source\dsp\LowLevel\PointTransforms\GammaTransform.cpp">
      <Filter>Source Files</Filter>
    </ClCompile>
    <ClCompile Include="Source\dsp\LowLevel\Histogram\Histogram.cpp">
      <Filter>Source Files</Filter>
    </ClCompile>
    <ClCompile Include="Source\dsp\LowLevel\PointTransforms\Inverse.cpp">
      <Filter>Source Files</Filter>
    </ClCompile>
    <ClCompile Include="Source\dsp\LowLevel\PointTransforms\Operations.cpp">
      <Filter>Source Files</Filter>
    </ClCompile>
    <ClCompile Include="Source\dsp\LowLevel\PointTransforms\Rotation.cpp">
      <Filter>Source Files</Filter>
    </ClCompile>
    <ClCompile Include="Source\dsp\LowLevel\PointTransforms\Sepia.cpp">
      <Filter>Source Files</Filter>
    </ClCompile>
    <ClCompile Include="Source\main.cpp">
      <Filter>Source Files</Filter>
    </ClCompile>
    <ClCompile Include="Source\dsp\LowLevel\Convolution\Masks\Masks.cpp">
      <Filter>Source Files</Filter>
    </ClCompile>
    <ClCompile Include="Source\Test\TestLineDetector.cpp">
      <Filter>Source Files</Filter>
    </ClCompile>
    <ClCompile Include="Source\dsp\LowLevel\Convolution\Masks\LineDetectionMask.cpp">
      <Filter>Source Files</Filter>
    </ClCompile>
    <ClCompile Include="Source\dsp\LowLevel\Convolution\Masks\PrewittMask.cpp">
      <Filter>Source Files</Filter>
    </ClCompile>
    <ClCompile Include="Source\dsp\LowLevel\Convolution\Masks\SobelMask.cpp">
      <Filter>Source Files</Filter>
    </ClCompile>
    <ClCompile Include="Source\dsp\LowLevel\Convolution\Masks\RobinsonMask.cpp">
      <Filter>Source Files</Filter>
    </ClCompile>
    <ClCompile Include="Source\dsp\LowLevel\Convolution\Masks\KirschMask.cpp">
      <Filter>Source Files</Filter>
    </ClCompile>
    <ClCompile Include="Source\dsp\LowLevel\Convolution\Masks\LaplaceMask.cpp">
      <Filter>Source Files</Filter>
    </ClCompile>
    <ClCompile Include="Source\dsp\LowLevel\Convolution\Masks\RobertsMask.cpp">
      <Filter>Source Files</Filter>
    </ClCompile>
    <ClCompile Include="Source\dsp\LowLevel\Convolution\Masks\LowPassSpatialMask.cpp">
      <Filter>Source Files</Filter>
    </ClCompile>
    <ClCompile Include="Source\dsp\LowLevel\PointTransforms\SaltAndPepperNoise.cpp">
      <Filter>Source Files</Filter>
    </ClCompile>
    <ClCompile Include="Source\dsp\LowLevel\Convolution\Masks\HighPassSpatialMask.cpp">
      <Filter>Source Files</Filter>
    </ClCompile>
    <ClCompile Include="Source\dsp\LowLevel\PixelBuffer.cpp">
      <Filter>Source Files</Filter>
    </ClCompile>
    <ClCompile Include="Source\dsp\LowLevel\PointTransforms\GausiaNoise.cpp">
      <Filter>Source Files</Filter>
    </ClCompile>
  </ItemGroup>
  <ItemGroup>
    <None Include="Application\Assets\.keep" />
  </ItemGroup>
</Project>